
Microsoft Visual Studio Solution File, Format Version 12.00
# Visual Studio 15
Project("{FAE04EC0-301F-11D3-BF4B-00C04F79EFBC}") = "Assembly-CSharp", "Assembly-CSharp.csproj", "{86987A95-6D86-E7E6-F3BD-B48F2D23351C}"
EndProject
Global
	GlobalSection(SolutionConfigurationPlatforms) = preSolution
		Debug|Any CPU = Debug|Any CPU
		Release|Any CPU = Release|Any CPU
	EndGlobalSection
	GlobalSection(ProjectConfigurationPlatforms) = postSolution
		{86987A95-6D86-E7E6-F3BD-B48F2D23351C}.Debug|Any CPU.ActiveCfg = Debug|Any CPU
		{86987A95-6D86-E7E6-F3BD-B48F2D23351C}.Debug|Any CPU.Build.0 = Debug|Any CPU
		{86987A95-6D86-E7E6-F3BD-B48F2D23351C}.Release|Any CPU.ActiveCfg = Release|Any CPU
		{86987A95-6D86-E7E6-F3BD-B48F2D23351C}.Release|Any CPU.Build.0 = Release|Any CPU
	EndGlobalSection
	GlobalSection(SolutionProperties) = preSolution
		HideSolutionNode = FALSE
	EndGlobalSection
EndGlobal
